// !$*UTF8*$!
{
	archiveVersion = 1;
	classes = {
	};
	objectVersion = 46;
	objects = {

/* Begin PBXGroup section */
		7E64A38D1A42D7E100D41D22 = {
			isa = PBXGroup;
			children = (
			);
			sourceTree = "<group>";
		};
/* End PBXGroup section */

/* Begin PBXProject section */
		7E64A38E1A42D7E100D41D22 /* Project object */ = {
			isa = PBXProject;
			attributes = {
				LastUpgradeCheck = 0610;
			};
			buildConfigurationList = 7E64A3911A42D7E100D41D22 /* Build configuration list for PBXProject "iTuneAppTableView" */;
			compatibilityVersion = "Xcode 3.2";
			developmentRegion = English;
			hasScannedForEncodings = 0;
			knownRegions = (
				en,
			);
			mainGroup = 7E64A38D1A42D7E100D41D22;
			projectDirPath = "";
			projectRoot = "";
			targets = (
			);
		};
/* End PBXProject section */

/* Begin XCBuildConfiguration section */
		7E64A3921A42D7E100D41D22 /* Debug */ = {
			isa = XCBuildConfiguration;
			buildSettings = {
			};
			name = Debug;
		};
		7E64A3931A42D7E100D41D22 /* Release */ = {
			isa = XCBuildConfiguration;
			buildSettings = {
			};
			name = Release;
		};
/* End XCBuildConfiguration section */

/* Begin XCConfigurationList section */
		7E64A3911A42D7E100D41D22 /* Build configuration list for PBXProject "iTuneAppTableView" */ = {
			isa = XCConfigurationList;
			buildConfigurations = (
				7E64A3921A42D7E100D41D22 /* Debug */,
				7E64A3931A42D7E100D41D22 /* Release */,
			);
			defaultConfigurationIsVisible = 0;
			defaultConfigurationName = Release;
		};
/* End XCConfigurationList section */
	};
	rootObject = 7E64A38E1A42D7E100D41D22 /* Project object */;
}
