// !$*UTF8*$!
{
	archiveVersion = 1;
	classes = {
	};
	objectVersion = 46;
	objects = {

/* Begin PBXBuildFile section */
		7E12609C1A075F630058F9D3 /* no_internet_connection.png in Resources */ = {isa = PBXBuildFile; fileRef = 7E12609B1A075F630058F9D3 /* no_internet_connection.png */; };
		7E12609F1A0780120058F9D3 /* ApplicationData.m in Sources */ = {isa = PBXBuildFile; fileRef = 7E12609E1A0780120058F9D3 /* ApplicationData.m */; };
		7E1260A21A079BD80058F9D3 /* ApplicationCell.m in Sources */ = {isa = PBXBuildFile; fileRef = 7E1260A11A079BD80058F9D3 /* ApplicationCell.m */; };
		7E1260A91A07A2ED0058F9D3 /* iTuneDataManager.m in Sources */ = {isa = PBXBuildFile; fileRef = 7E1260A81A07A2ED0058F9D3 /* iTuneDataManager.m */; };
		7E4F48B31A1618A300628ECF /* ImageDownloader.m in Sources */ = {isa = PBXBuildFile; fileRef = 7E4F48B21A1618A300628ECF /* ImageDownloader.m */; };
		7E56C21519F12D7500C1A704 /* frame_010.png in Resources */ = {isa = PBXBuildFile; fileRef = 7E56C20A19F12D7500C1A704 /* frame_010.png */; };
		7E56C21619F12D7500C1A704 /* frame_011.png in Resources */ = {isa = PBXBuildFile; fileRef = 7E56C20B19F12D7500C1A704 /* frame_011.png */; };
		7E56C21719F12D7500C1A704 /* frame_012.png in Resources */ = {isa = PBXBuildFile; fileRef = 7E56C20C19F12D7500C1A704 /* frame_012.png */; };
		7E56C21819F12D7500C1A704 /* frame_013.png in Resources */ = {isa = PBXBuildFile; fileRef = 7E56C20D19F12D7500C1A704 /* frame_013.png */; };
		7E56C21919F12D7500C1A704 /* frame_014.png in Resources */ = {isa = PBXBuildFile; fileRef = 7E56C20E19F12D7500C1A704 /* frame_014.png */; };
		7E56C21A19F12D7500C1A704 /* frame_015.png in Resources */ = {isa = PBXBuildFile; fileRef = 7E56C20F19F12D7500C1A704 /* frame_015.png */; };
		7E56C21B19F12D7500C1A704 /* frame_016.png in Resources */ = {isa = PBXBuildFile; fileRef = 7E56C21019F12D7500C1A704 /* frame_016.png */; };
		7E56C21C19F12D7500C1A704 /* frame_017.png in Resources */ = {isa = PBXBuildFile; fileRef = 7E56C21119F12D7500C1A704 /* frame_017.png */; };
		7E56C21D19F12D7500C1A704 /* frame_018.png in Resources */ = {isa = PBXBuildFile; fileRef = 7E56C21219F12D7500C1A704 /* frame_018.png */; };
		7E56C21E19F12D7500C1A704 /* frame_019.png in Resources */ = {isa = PBXBuildFile; fileRef = 7E56C21319F12D7500C1A704 /* frame_019.png */; };
		7E56C21F19F12D7500C1A704 /* frame_020.png in Resources */ = {isa = PBXBuildFile; fileRef = 7E56C21419F12D7500C1A704 /* frame_020.png */; };
		7E75028D19D93FAD0093B089 /* DetailViewController.m in Sources */ = {isa = PBXBuildFile; fileRef = 7E75028C19D93FAD0093B089 /* DetailViewController.m */; };
		7E84FE0C1A2D9C7F005DCF36 /* DetailViewSwipe.m in Sources */ = {isa = PBXBuildFile; fileRef = 7E84FE0B1A2D9C7F005DCF36 /* DetailViewSwipe.m */; };
		7E84FE0E1A2EE7AB005DCF36 /* loading-icon copy.png in Resources */ = {isa = PBXBuildFile; fileRef = 7E84FE0D1A2EE7AA005DCF36 /* loading-icon copy.png */; };
		7E84FE101A302F54005DCF36 /* whiteBackground.png in Resources */ = {isa = PBXBuildFile; fileRef = 7E84FE0F1A302F54005DCF36 /* whiteBackground.png */; };
		7EB5535219E538D400D0B24F /* Reachability.m in Sources */ = {isa = PBXBuildFile; fileRef = 7EB5535119E538D400D0B24F /* Reachability.m */; };
		7EFF6D8319D41B8A007EE540 /* Foundation.framework in Frameworks */ = {isa = PBXBuildFile; fileRef = 7EFF6D8219D41B8A007EE540 /* Foundation.framework */; };
		7EFF6D8519D41B8A007EE540 /* CoreGraphics.framework in Frameworks */ = {isa = PBXBuildFile; fileRef = 7EFF6D8419D41B8A007EE540 /* CoreGraphics.framework */; };
		7EFF6D8719D41B8A007EE540 /* UIKit.framework in Frameworks */ = {isa = PBXBuildFile; fileRef = 7EFF6D8619D41B8A007EE540 /* UIKit.framework */; };
		7EFF6D8D19D41B8A007EE540 /* InfoPlist.strings in Resources */ = {isa = PBXBuildFile; fileRef = 7EFF6D8B19D41B8A007EE540 /* InfoPlist.strings */; };
		7EFF6D8F19D41B8A007EE540 /* main.m in Sources */ = {isa = PBXBuildFile; fileRef = 7EFF6D8E19D41B8A007EE540 /* main.m */; };
		7EFF6D9319D41B8A007EE540 /* AppDelegate.m in Sources */ = {isa = PBXBuildFile; fileRef = 7EFF6D9219D41B8A007EE540 /* AppDelegate.m */; };
		7EFF6D9619D41B8A007EE540 /* Main.storyboard in Resources */ = {isa = PBXBuildFile; fileRef = 7EFF6D9419D41B8A007EE540 /* Main.storyboard */; };
		7EFF6D9919D41B8A007EE540 /* MasterViewController.m in Sources */ = {isa = PBXBuildFile; fileRef = 7EFF6D9819D41B8A007EE540 /* MasterViewController.m */; };
		7EFF6D9B19D41B8A007EE540 /* Images.xcassets in Resources */ = {isa = PBXBuildFile; fileRef = 7EFF6D9A19D41B8A007EE540 /* Images.xcassets */; };
		7EFF6DA219D41B8A007EE540 /* XCTest.framework in Frameworks */ = {isa = PBXBuildFile; fileRef = 7EFF6DA119D41B8A007EE540 /* XCTest.framework */; };
		7EFF6DA319D41B8A007EE540 /* Foundation.framework in Frameworks */ = {isa = PBXBuildFile; fileRef = 7EFF6D8219D41B8A007EE540 /* Foundation.framework */; };
		7EFF6DA419D41B8A007EE540 /* UIKit.framework in Frameworks */ = {isa = PBXBuildFile; fileRef = 7EFF6D8619D41B8A007EE540 /* UIKit.framework */; };
		7EFF6DAC19D41B8A007EE540 /* InfoPlist.strings in Resources */ = {isa = PBXBuildFile; fileRef = 7EFF6DAA19D41B8A007EE540 /* InfoPlist.strings */; };
		7EFF6DAE19D41B8A007EE540 /* iTune_Application_Assignment_OneTests.m in Sources */ = {isa = PBXBuildFile; fileRef = 7EFF6DAD19D41B8A007EE540 /* iTune_Application_Assignment_OneTests.m */; };
/* End PBXBuildFile section */

/* Begin PBXContainerItemProxy section */
		7EFF6DA519D41B8A007EE540 /* PBXContainerItemProxy */ = {
			isa = PBXContainerItemProxy;
			containerPortal = 7EFF6D7719D41B8A007EE540 /* Project object */;
			proxyType = 1;
			remoteGlobalIDString = 7EFF6D7E19D41B8A007EE540;
			remoteInfo = "iTune Application Assignment One";
		};
/* End PBXContainerItemProxy section */

/* Begin PBXFileReference section */
		7E12609B1A075F630058F9D3 /* no_internet_connection.png */ = {isa = PBXFileReference; lastKnownFileType = image.png; path = no_internet_connection.png; sourceTree = "<group>"; };
		7E12609D1A077FE80058F9D3 /* ApplicationData.h */ = {isa = PBXFileReference; lastKnownFileType = sourcecode.c.h; path = ApplicationData.h; sourceTree = "<group>"; };
		7E12609E1A0780120058F9D3 /* ApplicationData.m */ = {isa = PBXFileReference; fileEncoding = 4; lastKnownFileType = sourcecode.c.objc; path = ApplicationData.m; sourceTree = "<group>"; };
		7E1260A01A079B9B0058F9D3 /* ApplicationCell.h */ = {isa = PBXFileReference; lastKnownFileType = sourcecode.c.h; path = ApplicationCell.h; sourceTree = "<group>"; };
		7E1260A11A079BD80058F9D3 /* ApplicationCell.m */ = {isa = PBXFileReference; fileEncoding = 4; lastKnownFileType = sourcecode.c.objc; path = ApplicationCell.m; sourceTree = "<group>"; };
		7E1260A71A07A2ED0058F9D3 /* iTuneDataManager.h */ = {isa = PBXFileReference; fileEncoding = 4; lastKnownFileType = sourcecode.c.h; path = iTuneDataManager.h; sourceTree = "<group>"; };
		7E1260A81A07A2ED0058F9D3 /* iTuneDataManager.m */ = {isa = PBXFileReference; fileEncoding = 4; lastKnownFileType = sourcecode.c.objc; path = iTuneDataManager.m; sourceTree = "<group>"; };
		7E4F48B11A1618A300628ECF /* ImageDownloader.h */ = {isa = PBXFileReference; fileEncoding = 4; lastKnownFileType = sourcecode.c.h; path = ImageDownloader.h; sourceTree = "<group>"; };
		7E4F48B21A1618A300628ECF /* ImageDownloader.m */ = {isa = PBXFileReference; fileEncoding = 4; lastKnownFileType = sourcecode.c.objc; path = ImageDownloader.m; sourceTree = "<group>"; };
		7E56C20A19F12D7500C1A704 /* frame_010.png */ = {isa = PBXFileReference; lastKnownFileType = image.png; path = frame_010.png; sourceTree = "<group>"; };
		7E56C20B19F12D7500C1A704 /* frame_011.png */ = {isa = PBXFileReference; lastKnownFileType = image.png; path = frame_011.png; sourceTree = "<group>"; };
		7E56C20C19F12D7500C1A704 /* frame_012.png */ = {isa = PBXFileReference; lastKnownFileType = image.png; path = frame_012.png; sourceTree = "<group>"; };
		7E56C20D19F12D7500C1A704 /* frame_013.png */ = {isa = PBXFileReference; lastKnownFileType = image.png; path = frame_013.png; sourceTree = "<group>"; };
		7E56C20E19F12D7500C1A704 /* frame_014.png */ = {isa = PBXFileReference; lastKnownFileType = image.png; path = frame_014.png; sourceTree = "<group>"; };
		7E56C20F19F12D7500C1A704 /* frame_015.png */ = {isa = PBXFileReference; lastKnownFileType = image.png; path = frame_015.png; sourceTree = "<group>"; };
		7E56C21019F12D7500C1A704 /* frame_016.png */ = {isa = PBXFileReference; lastKnownFileType = image.png; path = frame_016.png; sourceTree = "<group>"; };
		7E56C21119F12D7500C1A704 /* frame_017.png */ = {isa = PBXFileReference; lastKnownFileType = image.png; path = frame_017.png; sourceTree = "<group>"; };
		7E56C21219F12D7500C1A704 /* frame_018.png */ = {isa = PBXFileReference; lastKnownFileType = image.png; path = frame_018.png; sourceTree = "<group>"; };
		7E56C21319F12D7500C1A704 /* frame_019.png */ = {isa = PBXFileReference; lastKnownFileType = image.png; path = frame_019.png; sourceTree = "<group>"; };
		7E56C21419F12D7500C1A704 /* frame_020.png */ = {isa = PBXFileReference; lastKnownFileType = image.png; path = frame_020.png; sourceTree = "<group>"; };
		7E75028B19D93FAD0093B089 /* DetailViewController.h */ = {isa = PBXFileReference; fileEncoding = 4; lastKnownFileType = sourcecode.c.h; path = DetailViewController.h; sourceTree = "<group>"; };
		7E75028C19D93FAD0093B089 /* DetailViewController.m */ = {isa = PBXFileReference; fileEncoding = 4; lastKnownFileType = sourcecode.c.objc; path = DetailViewController.m; sourceTree = "<group>"; };
		7E84FE0A1A2D9C7F005DCF36 /* DetailViewSwipe.h */ = {isa = PBXFileReference; fileEncoding = 4; lastKnownFileType = sourcecode.c.h; path = DetailViewSwipe.h; sourceTree = "<group>"; };
		7E84FE0B1A2D9C7F005DCF36 /* DetailViewSwipe.m */ = {isa = PBXFileReference; fileEncoding = 4; lastKnownFileType = sourcecode.c.objc; path = DetailViewSwipe.m; sourceTree = "<group>"; };
		7E84FE0D1A2EE7AA005DCF36 /* loading-icon copy.png */ = {isa = PBXFileReference; lastKnownFileType = image.png; path = "loading-icon copy.png"; sourceTree = "<group>"; };
		7E84FE0F1A302F54005DCF36 /* whiteBackground.png */ = {isa = PBXFileReference; lastKnownFileType = image.png; path = whiteBackground.png; sourceTree = "<group>"; };
		7EB5535019E538D400D0B24F /* Reachability.h */ = {isa = PBXFileReference; fileEncoding = 4; lastKnownFileType = sourcecode.c.h; path = Reachability.h; sourceTree = "<group>"; };
		7EB5535119E538D400D0B24F /* Reachability.m */ = {isa = PBXFileReference; fileEncoding = 4; lastKnownFileType = sourcecode.c.objc; path = Reachability.m; sourceTree = "<group>"; };
		7EFF6D7F19D41B8A007EE540 /* iTune Application Assignment One.app */ = {isa = PBXFileReference; explicitFileType = wrapper.application; includeInIndex = 0; path = "iTune Application Assignment One.app"; sourceTree = BUILT_PRODUCTS_DIR; };
		7EFF6D8219D41B8A007EE540 /* Foundation.framework */ = {isa = PBXFileReference; lastKnownFileType = wrapper.framework; name = Foundation.framework; path = System/Library/Frameworks/Foundation.framework; sourceTree = SDKROOT; };
		7EFF6D8419D41B8A007EE540 /* CoreGraphics.framework */ = {isa = PBXFileReference; lastKnownFileType = wrapper.framework; name = CoreGraphics.framework; path = System/Library/Frameworks/CoreGraphics.framework; sourceTree = SDKROOT; };
		7EFF6D8619D41B8A007EE540 /* UIKit.framework */ = {isa = PBXFileReference; lastKnownFileType = wrapper.framework; name = UIKit.framework; path = System/Library/Frameworks/UIKit.framework; sourceTree = SDKROOT; };
		7EFF6D8A19D41B8A007EE540 /* iTune Application Assignment One-Info.plist */ = {isa = PBXFileReference; lastKnownFileType = text.plist.xml; path = "iTune Application Assignment One-Info.plist"; sourceTree = "<group>"; };
		7EFF6D8C19D41B8A007EE540 /* en */ = {isa = PBXFileReference; lastKnownFileType = text.plist.strings; name = en; path = en.lproj/InfoPlist.strings; sourceTree = "<group>"; };
		7EFF6D8E19D41B8A007EE540 /* main.m */ = {isa = PBXFileReference; lastKnownFileType = sourcecode.c.objc; path = main.m; sourceTree = "<group>"; };
		7EFF6D9019D41B8A007EE540 /* iTune Application Assignment One-Prefix.pch */ = {isa = PBXFileReference; lastKnownFileType = sourcecode.c.h; path = "iTune Application Assignment One-Prefix.pch"; sourceTree = "<group>"; };
		7EFF6D9119D41B8A007EE540 /* AppDelegate.h */ = {isa = PBXFileReference; lastKnownFileType = sourcecode.c.h; path = AppDelegate.h; sourceTree = "<group>"; };
		7EFF6D9219D41B8A007EE540 /* AppDelegate.m */ = {isa = PBXFileReference; lastKnownFileType = sourcecode.c.objc; path = AppDelegate.m; sourceTree = "<group>"; };
		7EFF6D9519D41B8A007EE540 /* Base */ = {isa = PBXFileReference; lastKnownFileType = file.storyboard; name = Base; path = Base.lproj/Main.storyboard; sourceTree = "<group>"; };
		7EFF6D9719D41B8A007EE540 /* MasterViewController.h */ = {isa = PBXFileReference; lastKnownFileType = sourcecode.c.h; path = MasterViewController.h; sourceTree = "<group>"; };
		7EFF6D9819D41B8A007EE540 /* MasterViewController.m */ = {isa = PBXFileReference; lastKnownFileType = sourcecode.c.objc; path = MasterViewController.m; sourceTree = "<group>"; };
		7EFF6D9A19D41B8A007EE540 /* Images.xcassets */ = {isa = PBXFileReference; lastKnownFileType = folder.assetcatalog; path = Images.xcassets; sourceTree = "<group>"; };
		7EFF6DA019D41B8A007EE540 /* iTune Application Assignment OneTests.xctest */ = {isa = PBXFileReference; explicitFileType = wrapper.cfbundle; includeInIndex = 0; path = "iTune Application Assignment OneTests.xctest"; sourceTree = BUILT_PRODUCTS_DIR; };
		7EFF6DA119D41B8A007EE540 /* XCTest.framework */ = {isa = PBXFileReference; lastKnownFileType = wrapper.framework; name = XCTest.framework; path = Library/Frameworks/XCTest.framework; sourceTree = DEVELOPER_DIR; };
		7EFF6DA919D41B8A007EE540 /* iTune Application Assignment OneTests-Info.plist */ = {isa = PBXFileReference; lastKnownFileType = text.plist.xml; path = "iTune Application Assignment OneTests-Info.plist"; sourceTree = "<group>"; };
		7EFF6DAB19D41B8A007EE540 /* en */ = {isa = PBXFileReference; lastKnownFileType = text.plist.strings; name = en; path = en.lproj/InfoPlist.strings; sourceTree = "<group>"; };
		7EFF6DAD19D41B8A007EE540 /* iTune_Application_Assignment_OneTests.m */ = {isa = PBXFileReference; lastKnownFileType = sourcecode.c.objc; path = iTune_Application_Assignment_OneTests.m; sourceTree = "<group>"; };
/* End PBXFileReference section */

/* Begin PBXFrameworksBuildPhase section */
		7EFF6D7C19D41B8A007EE540 /* Frameworks */ = {
			isa = PBXFrameworksBuildPhase;
			buildActionMask = 2147483647;
			files = (
				7EFF6D8519D41B8A007EE540 /* CoreGraphics.framework in Frameworks */,
				7EFF6D8719D41B8A007EE540 /* UIKit.framework in Frameworks */,
				7EFF6D8319D41B8A007EE540 /* Foundation.framework in Frameworks */,
			);
			runOnlyForDeploymentPostprocessing = 0;
		};
		7EFF6D9D19D41B8A007EE540 /* Frameworks */ = {
			isa = PBXFrameworksBuildPhase;
			buildActionMask = 2147483647;
			files = (
				7EFF6DA219D41B8A007EE540 /* XCTest.framework in Frameworks */,
				7EFF6DA419D41B8A007EE540 /* UIKit.framework in Frameworks */,
				7EFF6DA319D41B8A007EE540 /* Foundation.framework in Frameworks */,
			);
			runOnlyForDeploymentPostprocessing = 0;
		};
/* End PBXFrameworksBuildPhase section */

/* Begin PBXGroup section */
		7EFF6D7619D41B8A007EE540 = {
			isa = PBXGroup;
			children = (
				7EFF6D8819D41B8A007EE540 /* iTune Application Assignment One */,
				7EFF6DA719D41B8A007EE540 /* iTune Application Assignment OneTests */,
				7EFF6D8119D41B8A007EE540 /* Frameworks */,
				7EFF6D8019D41B8A007EE540 /* Products */,
			);
			sourceTree = "<group>";
		};
		7EFF6D8019D41B8A007EE540 /* Products */ = {
			isa = PBXGroup;
			children = (
				7EFF6D7F19D41B8A007EE540 /* iTune Application Assignment One.app */,
				7EFF6DA019D41B8A007EE540 /* iTune Application Assignment OneTests.xctest */,
			);
			name = Products;
			sourceTree = "<group>";
		};
		7EFF6D8119D41B8A007EE540 /* Frameworks */ = {
			isa = PBXGroup;
			children = (
				7EFF6D8219D41B8A007EE540 /* Foundation.framework */,
				7EFF6D8419D41B8A007EE540 /* CoreGraphics.framework */,
				7EFF6D8619D41B8A007EE540 /* UIKit.framework */,
				7EFF6DA119D41B8A007EE540 /* XCTest.framework */,
			);
			name = Frameworks;
			sourceTree = "<group>";
		};
		7EFF6D8819D41B8A007EE540 /* iTune Application Assignment One */ = {
			isa = PBXGroup;
			children = (
				7EFF6D9119D41B8A007EE540 /* AppDelegate.h */,
				7EFF6D9219D41B8A007EE540 /* AppDelegate.m */,
				7EB5535019E538D400D0B24F /* Reachability.h */,
				7EB5535119E538D400D0B24F /* Reachability.m */,
				7E12609D1A077FE80058F9D3 /* ApplicationData.h */,
				7E12609E1A0780120058F9D3 /* ApplicationData.m */,
				7E1260A71A07A2ED0058F9D3 /* iTuneDataManager.h */,
				7E1260A81A07A2ED0058F9D3 /* iTuneDataManager.m */,
				7E4F48B11A1618A300628ECF /* ImageDownloader.h */,
				7E4F48B21A1618A300628ECF /* ImageDownloader.m */,
				7E1260A01A079B9B0058F9D3 /* ApplicationCell.h */,
				7E1260A11A079BD80058F9D3 /* ApplicationCell.m */,
				7E84FE0D1A2EE7AA005DCF36 /* loading-icon copy.png */,
				7EFF6D9719D41B8A007EE540 /* MasterViewController.h */,
				7EFF6D9819D41B8A007EE540 /* MasterViewController.m */,
				7E84FE0F1A302F54005DCF36 /* whiteBackground.png */,
				7E75028B19D93FAD0093B089 /* DetailViewController.h */,
				7E75028C19D93FAD0093B089 /* DetailViewController.m */,
				7EFF6D9419D41B8A007EE540 /* Main.storyboard */,
				7E84FE0A1A2D9C7F005DCF36 /* DetailViewSwipe.h */,
				7E84FE0B1A2D9C7F005DCF36 /* DetailViewSwipe.m */,
				7E12609B1A075F630058F9D3 /* no_internet_connection.png */,
				7EFF6D9A19D41B8A007EE540 /* Images.xcassets */,
				7E56C20A19F12D7500C1A704 /* frame_010.png */,
				7E56C20B19F12D7500C1A704 /* frame_011.png */,
				7E56C20C19F12D7500C1A704 /* frame_012.png */,
				7E56C20D19F12D7500C1A704 /* frame_013.png */,
				7E56C20E19F12D7500C1A704 /* frame_014.png */,
				7E56C20F19F12D7500C1A704 /* frame_015.png */,
				7E56C21019F12D7500C1A704 /* frame_016.png */,
				7E56C21119F12D7500C1A704 /* frame_017.png */,
				7E56C21219F12D7500C1A704 /* frame_018.png */,
				7E56C21319F12D7500C1A704 /* frame_019.png */,
				7E56C21419F12D7500C1A704 /* frame_020.png */,
				7EFF6D8919D41B8A007EE540 /* Supporting Files */,
			);
			path = "iTune Application Assignment One";
			sourceTree = "<group>";
		};
		7EFF6D8919D41B8A007EE540 /* Supporting Files */ = {
			isa = PBXGroup;
			children = (
				7EFF6D8A19D41B8A007EE540 /* iTune Application Assignment One-Info.plist */,
				7EFF6D8B19D41B8A007EE540 /* InfoPlist.strings */,
				7EFF6D8E19D41B8A007EE540 /* main.m */,
				7EFF6D9019D41B8A007EE540 /* iTune Application Assignment One-Prefix.pch */,
			);
			name = "Supporting Files";
			sourceTree = "<group>";
		};
		7EFF6DA719D41B8A007EE540 /* iTune Application Assignment OneTests */ = {
			isa = PBXGroup;
			children = (
				7EFF6DAD19D41B8A007EE540 /* iTune_Application_Assignment_OneTests.m */,
				7EFF6DA819D41B8A007EE540 /* Supporting Files */,
			);
			path = "iTune Application Assignment OneTests";
			sourceTree = "<group>";
		};
		7EFF6DA819D41B8A007EE540 /* Supporting Files */ = {
			isa = PBXGroup;
			children = (
				7EFF6DA919D41B8A007EE540 /* iTune Application Assignment OneTests-Info.plist */,
				7EFF6DAA19D41B8A007EE540 /* InfoPlist.strings */,
			);
			name = "Supporting Files";
			sourceTree = "<group>";
		};
/* End PBXGroup section */

/* Begin PBXNativeTarget section */
		7EFF6D7E19D41B8A007EE540 /* iTune Application Assignment One */ = {
			isa = PBXNativeTarget;
			buildConfigurationList = 7EFF6DB119D41B8A007EE540 /* Build configuration list for PBXNativeTarget "iTune Application Assignment One" */;
			buildPhases = (
				7EFF6D7B19D41B8A007EE540 /* Sources */,
				7EFF6D7C19D41B8A007EE540 /* Frameworks */,
				7EFF6D7D19D41B8A007EE540 /* Resources */,
			);
			buildRules = (
			);
			dependencies = (
			);
			name = "iTune Application Assignment One";
			productName = "iTune Application Assignment One";
			productReference = 7EFF6D7F19D41B8A007EE540 /* iTune Application Assignment One.app */;
			productType = "com.apple.product-type.application";
		};
		7EFF6D9F19D41B8A007EE540 /* iTune Application Assignment OneTests */ = {
			isa = PBXNativeTarget;
			buildConfigurationList = 7EFF6DB419D41B8A007EE540 /* Build configuration list for PBXNativeTarget "iTune Application Assignment OneTests" */;
			buildPhases = (
				7EFF6D9C19D41B8A007EE540 /* Sources */,
				7EFF6D9D19D41B8A007EE540 /* Frameworks */,
				7EFF6D9E19D41B8A007EE540 /* Resources */,
			);
			buildRules = (
			);
			dependencies = (
				7EFF6DA619D41B8A007EE540 /* PBXTargetDependency */,
			);
			name = "iTune Application Assignment OneTests";
			productName = "iTune Application Assignment OneTests";
			productReference = 7EFF6DA019D41B8A007EE540 /* iTune Application Assignment OneTests.xctest */;
			productType = "com.apple.product-type.bundle.unit-test";
		};
/* End PBXNativeTarget section */

/* Begin PBXProject section */
		7EFF6D7719D41B8A007EE540 /* Project object */ = {
			isa = PBXProject;
			attributes = {
				LastUpgradeCheck = 0510;
				ORGANIZATIONNAME = Synerzip;
				TargetAttributes = {
					7EFF6D9F19D41B8A007EE540 = {
						TestTargetID = 7EFF6D7E19D41B8A007EE540;
					};
				};
			};
			buildConfigurationList = 7EFF6D7A19D41B8A007EE540 /* Build configuration list for PBXProject "iTune Application Assignment One" */;
			compatibilityVersion = "Xcode 3.2";
			developmentRegion = English;
			hasScannedForEncodings = 0;
			knownRegions = (
				en,
				Base,
			);
			mainGroup = 7EFF6D7619D41B8A007EE540;
			productRefGroup = 7EFF6D8019D41B8A007EE540 /* Products */;
			projectDirPath = "";
			projectRoot = "";
			targets = (
				7EFF6D7E19D41B8A007EE540 /* iTune Application Assignment One */,
				7EFF6D9F19D41B8A007EE540 /* iTune Application Assignment OneTests */,
			);
		};
/* End PBXProject section */

/* Begin PBXResourcesBuildPhase section */
		7EFF6D7D19D41B8A007EE540 /* Resources */ = {
			isa = PBXResourcesBuildPhase;
			buildActionMask = 2147483647;
			files = (
				7E56C21D19F12D7500C1A704 /* frame_018.png in Resources */,
				7E56C21919F12D7500C1A704 /* frame_014.png in Resources */,
				7E56C21C19F12D7500C1A704 /* frame_017.png in Resources */,
				7E56C21819F12D7500C1A704 /* frame_013.png in Resources */,
				7E12609C1A075F630058F9D3 /* no_internet_connection.png in Resources */,
				7EFF6D9B19D41B8A007EE540 /* Images.xcassets in Resources */,
				7E56C21519F12D7500C1A704 /* frame_010.png in Resources */,
				7E84FE101A302F54005DCF36 /* whiteBackground.png in Resources */,
				7E56C21B19F12D7500C1A704 /* frame_016.png in Resources */,
				7E56C21A19F12D7500C1A704 /* frame_015.png in Resources */,
				7EFF6D8D19D41B8A007EE540 /* InfoPlist.strings in Resources */,
				7E84FE0E1A2EE7AB005DCF36 /* loading-icon copy.png in Resources */,
				7E56C21719F12D7500C1A704 /* frame_012.png in Resources */,
				7E56C21E19F12D7500C1A704 /* frame_019.png in Resources */,
				7EFF6D9619D41B8A007EE540 /* Main.storyboard in Resources */,
				7E56C21619F12D7500C1A704 /* frame_011.png in Resources */,
				7E56C21F19F12D7500C1A704 /* frame_020.png in Resources */,
			);
			runOnlyForDeploymentPostprocessing = 0;
		};
		7EFF6D9E19D41B8A007EE540 /* Resources */ = {
			isa = PBXResourcesBuildPhase;
			buildActionMask = 2147483647;
			files = (
				7EFF6DAC19D41B8A007EE540 /* InfoPlist.strings in Resources */,
			);
			runOnlyForDeploymentPostprocessing = 0;
		};
/* End PBXResourcesBuildPhase section */

/* Begin PBXSourcesBuildPhase section */
		7EFF6D7B19D41B8A007EE540 /* Sources */ = {
			isa = PBXSourcesBuildPhase;
			buildActionMask = 2147483647;
			files = (
				7EFF6D9919D41B8A007EE540 /* MasterViewController.m in Sources */,
				7EFF6D9319D41B8A007EE540 /* AppDelegate.m in Sources */,
				7EFF6D8F19D41B8A007EE540 /* main.m in Sources */,
				7E12609F1A0780120058F9D3 /* ApplicationData.m in Sources */,
				7E84FE0C1A2D9C7F005DCF36 /* DetailViewSwipe.m in Sources */,
				7E1260A21A079BD80058F9D3 /* ApplicationCell.m in Sources */,
				7E75028D19D93FAD0093B089 /* DetailViewController.m in Sources */,
				7E1260A91A07A2ED0058F9D3 /* iTuneDataManager.m in Sources */,
				7E4F48B31A1618A300628ECF /* ImageDownloader.m in Sources */,
				7EB5535219E538D400D0B24F /* Reachability.m in Sources */,
			);
			runOnlyForDeploymentPostprocessing = 0;
		};
		7EFF6D9C19D41B8A007EE540 /* Sources */ = {
			isa = PBXSourcesBuildPhase;
			buildActionMask = 2147483647;
			files = (
				7EFF6DAE19D41B8A007EE540 /* iTune_Application_Assignment_OneTests.m in Sources */,
			);
			runOnlyForDeploymentPostprocessing = 0;
		};
/* End PBXSourcesBuildPhase section */

/* Begin PBXTargetDependency section */
		7EFF6DA619D41B8A007EE540 /* PBXTargetDependency */ = {
			isa = PBXTargetDependency;
			target = 7EFF6D7E19D41B8A007EE540 /* iTune Application Assignment One */;
			targetProxy = 7EFF6DA519D41B8A007EE540 /* PBXContainerItemProxy */;
		};
/* End PBXTargetDependency section */

/* Begin PBXVariantGroup section */
		7EFF6D8B19D41B8A007EE540 /* InfoPlist.strings */ = {
			isa = PBXVariantGroup;
			children = (
				7EFF6D8C19D41B8A007EE540 /* en */,
			);
			name = InfoPlist.strings;
			sourceTree = "<group>";
		};
		7EFF6D9419D41B8A007EE540 /* Main.storyboard */ = {
			isa = PBXVariantGroup;
			children = (
				7EFF6D9519D41B8A007EE540 /* Base */,
			);
			name = Main.storyboard;
			sourceTree = "<group>";
		};
		7EFF6DAA19D41B8A007EE540 /* InfoPlist.strings */ = {
			isa = PBXVariantGroup;
			children = (
				7EFF6DAB19D41B8A007EE540 /* en */,
			);
			name = InfoPlist.strings;
			sourceTree = "<group>";
		};
/* End PBXVariantGroup section */

/* Begin XCBuildConfiguration section */
		7EFF6DAF19D41B8A007EE540 /* Debug */ = {
			isa = XCBuildConfiguration;
			buildSettings = {
				ALWAYS_SEARCH_USER_PATHS = NO;
				CLANG_CXX_LANGUAGE_STANDARD = "gnu++0x";
				CLANG_CXX_LIBRARY = "libc++";
				CLANG_ENABLE_MODULES = YES;
				CLANG_ENABLE_OBJC_ARC = YES;
				CLANG_WARN_BOOL_CONVERSION = YES;
				CLANG_WARN_CONSTANT_CONVERSION = YES;
				CLANG_WARN_DIRECT_OBJC_ISA_USAGE = YES_ERROR;
				CLANG_WARN_EMPTY_BODY = YES;
				CLANG_WARN_ENUM_CONVERSION = YES;
				CLANG_WARN_INT_CONVERSION = YES;
				CLANG_WARN_OBJC_ROOT_CLASS = YES_ERROR;
				CLANG_WARN__DUPLICATE_METHOD_MATCH = YES;
				"CODE_SIGN_IDENTITY[sdk=iphoneos*]" = "iPhone Developer";
				COPY_PHASE_STRIP = NO;
				GCC_C_LANGUAGE_STANDARD = gnu99;
				GCC_DYNAMIC_NO_PIC = NO;
				GCC_OPTIMIZATION_LEVEL = 0;
				GCC_PREPROCESSOR_DEFINITIONS = (
					"DEBUG=1",
					"$(inherited)",
				);
				GCC_SYMBOLS_PRIVATE_EXTERN = NO;
				GCC_WARN_64_TO_32_BIT_CONVERSION = YES;
				GCC_WARN_ABOUT_RETURN_TYPE = YES_ERROR;
				GCC_WARN_UNDECLARED_SELECTOR = YES;
				GCC_WARN_UNINITIALIZED_AUTOS = YES_AGGRESSIVE;
				GCC_WARN_UNUSED_FUNCTION = YES;
				GCC_WARN_UNUSED_VARIABLE = YES;
				IPHONEOS_DEPLOYMENT_TARGET = 7.1;
				ONLY_ACTIVE_ARCH = YES;
				SDKROOT = iphoneos;
			};
			name = Debug;
		};
		7EFF6DB019D41B8A007EE540 /* Release */ = {
			isa = XCBuildConfiguration;
			buildSettings = {
				ALWAYS_SEARCH_USER_PATHS = NO;
				CLANG_CXX_LANGUAGE_STANDARD = "gnu++0x";
				CLANG_CXX_LIBRARY = "libc++";
				CLANG_ENABLE_MODULES = YES;
				CLANG_ENABLE_OBJC_ARC = YES;
				CLANG_WARN_BOOL_CONVERSION = YES;
				CLANG_WARN_CONSTANT_CONVERSION = YES;
				CLANG_WARN_DIRECT_OBJC_ISA_USAGE = YES_ERROR;
				CLANG_WARN_EMPTY_BODY = YES;
				CLANG_WARN_ENUM_CONVERSION = YES;
				CLANG_WARN_INT_CONVERSION = YES;
				CLANG_WARN_OBJC_ROOT_CLASS = YES_ERROR;
				CLANG_WARN__DUPLICATE_METHOD_MATCH = YES;
				"CODE_SIGN_IDENTITY[sdk=iphoneos*]" = "iPhone Developer";
				COPY_PHASE_STRIP = YES;
				ENABLE_NS_ASSERTIONS = NO;
				GCC_C_LANGUAGE_STANDARD = gnu99;
				GCC_WARN_64_TO_32_BIT_CONVERSION = YES;
				GCC_WARN_ABOUT_RETURN_TYPE = YES_ERROR;
				GCC_WARN_UNDECLARED_SELECTOR = YES;
				GCC_WARN_UNINITIALIZED_AUTOS = YES_AGGRESSIVE;
				GCC_WARN_UNUSED_FUNCTION = YES;
				GCC_WARN_UNUSED_VARIABLE = YES;
				IPHONEOS_DEPLOYMENT_TARGET = 7.1;
				SDKROOT = iphoneos;
				VALIDATE_PRODUCT = YES;
			};
			name = Release;
		};
		7EFF6DB219D41B8A007EE540 /* Debug */ = {
			isa = XCBuildConfiguration;
			buildSettings = {
				ASSETCATALOG_COMPILER_APPICON_NAME = AppIcon;
				ASSETCATALOG_COMPILER_LAUNCHIMAGE_NAME = LaunchImage;
				GCC_PRECOMPILE_PREFIX_HEADER = YES;
				GCC_PREFIX_HEADER = "iTune Application Assignment One/iTune Application Assignment One-Prefix.pch";
				INFOPLIST_FILE = "iTune Application Assignment One/iTune Application Assignment One-Info.plist";
				IPHONEOS_DEPLOYMENT_TARGET = 7.1;
				PRODUCT_NAME = "$(TARGET_NAME)";
				WRAPPER_EXTENSION = app;
			};
			name = Debug;
		};
		7EFF6DB319D41B8A007EE540 /* Release */ = {
			isa = XCBuildConfiguration;
			buildSettings = {
				ASSETCATALOG_COMPILER_APPICON_NAME = AppIcon;
				ASSETCATALOG_COMPILER_LAUNCHIMAGE_NAME = LaunchImage;
				GCC_PRECOMPILE_PREFIX_HEADER = YES;
				GCC_PREFIX_HEADER = "iTune Application Assignment One/iTune Application Assignment One-Prefix.pch";
				INFOPLIST_FILE = "iTune Application Assignment One/iTune Application Assignment One-Info.plist";
				IPHONEOS_DEPLOYMENT_TARGET = 7.1;
				PRODUCT_NAME = "$(TARGET_NAME)";
				WRAPPER_EXTENSION = app;
			};
			name = Release;
		};
		7EFF6DB519D41B8A007EE540 /* Debug */ = {
			isa = XCBuildConfiguration;
			buildSettings = {
				BUNDLE_LOADER = "$(BUILT_PRODUCTS_DIR)/iTune Application Assignment One.app/iTune Application Assignment One";
				FRAMEWORK_SEARCH_PATHS = (
					"$(SDKROOT)/Developer/Library/Frameworks",
					"$(inherited)",
					"$(DEVELOPER_FRAMEWORKS_DIR)",
				);
				GCC_PRECOMPILE_PREFIX_HEADER = YES;
				GCC_PREFIX_HEADER = "iTune Application Assignment One/iTune Application Assignment One-Prefix.pch";
				GCC_PREPROCESSOR_DEFINITIONS = (
					"DEBUG=1",
					"$(inherited)",
				);
				INFOPLIST_FILE = "iTune Application Assignment OneTests/iTune Application Assignment OneTests-Info.plist";
				PRODUCT_NAME = "$(TARGET_NAME)";
				TEST_HOST = "$(BUNDLE_LOADER)";
				WRAPPER_EXTENSION = xctest;
			};
			name = Debug;
		};
		7EFF6DB619D41B8A007EE540 /* Release */ = {
			isa = XCBuildConfiguration;
			buildSettings = {
				BUNDLE_LOADER = "$(BUILT_PRODUCTS_DIR)/iTune Application Assignment One.app/iTune Application Assignment One";
				FRAMEWORK_SEARCH_PATHS = (
					"$(SDKROOT)/Developer/Library/Frameworks",
					"$(inherited)",
					"$(DEVELOPER_FRAMEWORKS_DIR)",
				);
				GCC_PRECOMPILE_PREFIX_HEADER = YES;
				GCC_PREFIX_HEADER = "iTune Application Assignment One/iTune Application Assignment One-Prefix.pch";
				INFOPLIST_FILE = "iTune Application Assignment OneTests/iTune Application Assignment OneTests-Info.plist";
				PRODUCT_NAME = "$(TARGET_NAME)";
				TEST_HOST = "$(BUNDLE_LOADER)";
				WRAPPER_EXTENSION = xctest;
			};
			name = Release;
		};
/* End XCBuildConfiguration section */

/* Begin XCConfigurationList section */
		7EFF6D7A19D41B8A007EE540 /* Build configuration list for PBXProject "iTune Application Assignment One" */ = {
			isa = XCConfigurationList;
			buildConfigurations = (
				7EFF6DAF19D41B8A007EE540 /* Debug */,
				7EFF6DB019D41B8A007EE540 /* Release */,
			);
			defaultConfigurationIsVisible = 0;
			defaultConfigurationName = Release;
		};
		7EFF6DB119D41B8A007EE540 /* Build configuration list for PBXNativeTarget "iTune Application Assignment One" */ = {
			isa = XCConfigurationList;
			buildConfigurations = (
				7EFF6DB219D41B8A007EE540 /* Debug */,
				7EFF6DB319D41B8A007EE540 /* Release */,
			);
			defaultConfigurationIsVisible = 0;
			defaultConfigurationName = Release;
		};
		7EFF6DB419D41B8A007EE540 /* Build configuration list for PBXNativeTarget "iTune Application Assignment OneTests" */ = {
			isa = XCConfigurationList;
			buildConfigurations = (
				7EFF6DB519D41B8A007EE540 /* Debug */,
				7EFF6DB619D41B8A007EE540 /* Release */,
			);
			defaultConfigurationIsVisible = 0;
			defaultConfigurationName = Release;
		};
/* End XCConfigurationList section */
	};
	rootObject = 7EFF6D7719D41B8A007EE540 /* Project object */;
}
